
Microsoft Visual Studio Solution File, Format Version 12.00
# Visual Studio Version 17
VisualStudioVersion = 17.1.31911.260
MinimumVisualStudioVersion = 10.0.40219.1
Project("{FAE04EC0-301F-11D3-BF4B-00C04F79EFBC}") = "StoreAPI", "StoreAPI\StoreAPI.csproj", "{08AE6579-F775-428C-8EE6-4092A8387037}"
EndProject
Global
	GlobalSection(SolutionConfigurationPlatforms) = preSolution
		Debug|Any CPU = Debug|Any CPU
		Release|Any CPU = Release|Any CPU
	EndGlobalSection
	GlobalSection(ProjectConfigurationPlatforms) = postSolution
		{08AE6579-F775-428C-8EE6-4092A8387037}.Debug|Any CPU.ActiveCfg = Debug|Any CPU
		{08AE6579-F775-428C-8EE6-4092A8387037}.Debug|Any CPU.Build.0 = Debug|Any CPU
		{08AE6579-F775-428C-8EE6-4092A8387037}.Release|Any CPU.ActiveCfg = Release|Any CPU
		{08AE6579-F775-428C-8EE6-4092A8387037}.Release|Any CPU.Build.0 = Release|Any CPU
	EndGlobalSection
	GlobalSection(SolutionProperties) = preSolution
		HideSolutionNode = FALSE
	EndGlobalSection
	GlobalSection(ExtensibilityGlobals) = postSolution
		SolutionGuid = {383DE4C7-9F30-4E2B-9E52-A2946237C883}
	EndGlobalSection
EndGlobal
